
Microsoft Visual Studio Solution File, Format Version 12.00
# Visual Studio 15
VisualStudioVersion = 15.0.28307.572
MinimumVisualStudioVersion = 10.0.40219.1
Project("{888888A0-9F3D-457C-B088-3A5042F75D52}") = "DataStructuresAndAlgorithms", "DataStructuresAndAlgorithms.pyproj", "{B018A07B-AE47-4969-A065-2E808481E66D}"
EndProject
Global
	GlobalSection(SolutionConfigurationPlatforms) = preSolution
		Debug|Any CPU = Debug|Any CPU
		Release|Any CPU = Release|Any CPU
	EndGlobalSection
	GlobalSection(ProjectConfigurationPlatforms) = postSolution
		{B018A07B-AE47-4969-A065-2E808481E66D}.Debug|Any CPU.ActiveCfg = Debug|Any CPU
		{B018A07B-AE47-4969-A065-2E808481E66D}.Release|Any CPU.ActiveCfg = Release|Any CPU
	EndGlobalSection
	GlobalSection(SolutionProperties) = preSolution
		HideSolutionNode = FALSE
	EndGlobalSection
	GlobalSection(ExtensibilityGlobals) = postSolution
		SolutionGuid = {6FE1C01E-FAF2-43AE-B446-5A3AD96887CE}
	EndGlobalSection
EndGlobal
